
Microsoft Visual Studio Solution File, Format Version 12.00
# Visual Studio Version 16
VisualStudioVersion = 16.0.30114.105
MinimumVisualStudioVersion = 10.0.40219.1
Project("{FAE04EC0-301F-11D3-BF4B-00C04F79EFBC}") = "2_5_1_Static_class", "2_5_1_Static_class\2_5_1_Static_class.csproj", "{27E84999-0969-4DA1-B7F2-F2864B0DA468}"
EndProject
Global
	GlobalSection(SolutionConfigurationPlatforms) = preSolution
		Debug|Any CPU = Debug|Any CPU
		Release|Any CPU = Release|Any CPU
	EndGlobalSection
	GlobalSection(ProjectConfigurationPlatforms) = postSolution
		{27E84999-0969-4DA1-B7F2-F2864B0DA468}.Debug|Any CPU.ActiveCfg = Debug|Any CPU
		{27E84999-0969-4DA1-B7F2-F2864B0DA468}.Debug|Any CPU.Build.0 = Debug|Any CPU
		{27E84999-0969-4DA1-B7F2-F2864B0DA468}.Release|Any CPU.ActiveCfg = Release|Any CPU
		{27E84999-0969-4DA1-B7F2-F2864B0DA468}.Release|Any CPU.Build.0 = Release|Any CPU
	EndGlobalSection
	GlobalSection(SolutionProperties) = preSolution
		HideSolutionNode = FALSE
	EndGlobalSection
	GlobalSection(ExtensibilityGlobals) = postSolution
		SolutionGuid = {EDC973E5-6709-46F0-BD49-FA6ED8F2E068}
	EndGlobalSection
EndGlobal
