
Microsoft Visual Studio Solution File, Format Version 12.00
# Visual Studio Version 16
VisualStudioVersion = 16.0.30114.105
MinimumVisualStudioVersion = 10.0.40219.1
Project("{FAE04EC0-301F-11D3-BF4B-00C04F79EFBC}") = "4_1_1_class", "4_1_1_class\4_1_1_class.csproj", "{3670A18C-F734-4A29-AA17-9C34AED74434}"
EndProject
Project("{FAE04EC0-301F-11D3-BF4B-00C04F79EFBC}") = "4_5_1_abstract", "4_5_1_abstract\4_5_1_abstract.csproj", "{11A58EF8-F40C-4A77-8745-649DE2A8F42E}"
EndProject
Project("{FAE04EC0-301F-11D3-BF4B-00C04F79EFBC}") = "4_7_IEnumerable", "4_7_IEnumerable\4_7_IEnumerable.csproj", "{5314C741-3664-48F5-8367-C875051AFE02}"
EndProject
Project("{FAE04EC0-301F-11D3-BF4B-00C04F79EFBC}") = "4_8_1_IComparable", "4_8_1_IComparable\4_8_1_IComparable.csproj", "{EFD0340A-EF3A-47E1-8ACC-CF6E75518C52}"
EndProject
Project("{FAE04EC0-301F-11D3-BF4B-00C04F79EFBC}") = "4_10_1_call_by_x_struct", "4_10_1_call_by_x_struct\4_10_1_call_by_x_struct.csproj", "{D174B96A-B3CB-42A6-A706-BA52840967CD}"
EndProject
Project("{FAE04EC0-301F-11D3-BF4B-00C04F79EFBC}") = "4_11_1_generic", "4_11_1_generic\4_11_1_generic.csproj", "{0F85B1BA-D1B6-4F99-8D48-F4CD41C650DD}"
EndProject
Project("{FAE04EC0-301F-11D3-BF4B-00C04F79EFBC}") = "4_12_1_Delegate", "4_12_1_Delegate\4_12_1_Delegate.csproj", "{97179337-ACB7-46A6-8D32-BE79513EBABF}"
EndProject
Project("{FAE04EC0-301F-11D3-BF4B-00C04F79EFBC}") = "4_12_2_console_with_delegate", "4_12_2_console_with_delegate\4_12_2_console_with_delegate.csproj", "{23C4D25A-BFEC-48FF-A319-226F6851285C}"
EndProject
Project("{FAE04EC0-301F-11D3-BF4B-00C04F79EFBC}") = "4_15_1_console_with_EventHandler", "4_15_1_console_with_EventHandler\4_15_1_console_with_EventHandler.csproj", "{A9CF16E1-35AB-45B9-8B26-0303EBD7C17F}"
EndProject
Project("{FAE04EC0-301F-11D3-BF4B-00C04F79EFBC}") = "5_1_1_Syste_String_practice", "5_1_1_Syste_String_practice\5_1_1_Syste_String_practice.csproj", "{D396E6C1-1DE9-4153-9A4D-2BC4D3FF4554}"
EndProject
Project("{FAE04EC0-301F-11D3-BF4B-00C04F79EFBC}") = "5_2_1_SystemIO", "5_2_1_SystemIO\5_2_1_SystemIO.csproj", "{8DFF606F-96C8-438F-916E-630A73E77073}"
EndProject
Project("{FAE04EC0-301F-11D3-BF4B-00C04F79EFBC}") = "5_3_1_Stream", "5_3_1_Stream\5_3_1_Stream.csproj", "{F35F29B5-05FA-4DE3-96C4-2C98BDF3B60D}"
EndProject
Project("{FAE04EC0-301F-11D3-BF4B-00C04F79EFBC}") = "5_4_1_System_Collection_ArrayList", "5_4_1_System_Collection_ArrayList\5_4_1_System_Collection_ArrayList.csproj", "{8DAD109B-32EC-4893-9540-910424804C38}"
EndProject
Project("{FAE04EC0-301F-11D3-BF4B-00C04F79EFBC}") = "5_5_1_System_Collection_List", "5_5_1_System_Collection_List\5_5_1_System_Collection_List.csproj", "{EFD1EE1F-33BE-4D9F-B3F5-6A8BC1640C76}"
EndProject
Project("{FAE04EC0-301F-11D3-BF4B-00C04F79EFBC}") = "6_1_1_Nullable", "6_1_1_Nullable\6_1_1_Nullable.csproj", "{04B66F4B-253B-4081-8299-E2D476E257F6}"
EndProject
Project("{FAE04EC0-301F-11D3-BF4B-00C04F79EFBC}") = "6_4_1", "6_4_1\6_4_1.csproj", "{D4ED414A-A3AF-4FD7-9363-5341929656A6}"
EndProject
Global
	GlobalSection(SolutionConfigurationPlatforms) = preSolution
		Debug|Any CPU = Debug|Any CPU
		Release|Any CPU = Release|Any CPU
	EndGlobalSection
	GlobalSection(ProjectConfigurationPlatforms) = postSolution
		{3670A18C-F734-4A29-AA17-9C34AED74434}.Debug|Any CPU.ActiveCfg = Debug|Any CPU
		{3670A18C-F734-4A29-AA17-9C34AED74434}.Debug|Any CPU.Build.0 = Debug|Any CPU
		{3670A18C-F734-4A29-AA17-9C34AED74434}.Release|Any CPU.ActiveCfg = Release|Any CPU
		{3670A18C-F734-4A29-AA17-9C34AED74434}.Release|Any CPU.Build.0 = Release|Any CPU
		{11A58EF8-F40C-4A77-8745-649DE2A8F42E}.Debug|Any CPU.ActiveCfg = Debug|Any CPU
		{11A58EF8-F40C-4A77-8745-649DE2A8F42E}.Debug|Any CPU.Build.0 = Debug|Any CPU
		{11A58EF8-F40C-4A77-8745-649DE2A8F42E}.Release|Any CPU.ActiveCfg = Release|Any CPU
		{11A58EF8-F40C-4A77-8745-649DE2A8F42E}.Release|Any CPU.Build.0 = Release|Any CPU
		{5314C741-3664-48F5-8367-C875051AFE02}.Debug|Any CPU.ActiveCfg = Debug|Any CPU
		{5314C741-3664-48F5-8367-C875051AFE02}.Debug|Any CPU.Build.0 = Debug|Any CPU
		{5314C741-3664-48F5-8367-C875051AFE02}.Release|Any CPU.ActiveCfg = Release|Any CPU
		{5314C741-3664-48F5-8367-C875051AFE02}.Release|Any CPU.Build.0 = Release|Any CPU
		{EFD0340A-EF3A-47E1-8ACC-CF6E75518C52}.Debug|Any CPU.ActiveCfg = Debug|Any CPU
		{EFD0340A-EF3A-47E1-8ACC-CF6E75518C52}.Debug|Any CPU.Build.0 = Debug|Any CPU
		{EFD0340A-EF3A-47E1-8ACC-CF6E75518C52}.Release|Any CPU.ActiveCfg = Release|Any CPU
		{EFD0340A-EF3A-47E1-8ACC-CF6E75518C52}.Release|Any CPU.Build.0 = Release|Any CPU
		{D174B96A-B3CB-42A6-A706-BA52840967CD}.Debug|Any CPU.ActiveCfg = Debug|Any CPU
		{D174B96A-B3CB-42A6-A706-BA52840967CD}.Debug|Any CPU.Build.0 = Debug|Any CPU
		{D174B96A-B3CB-42A6-A706-BA52840967CD}.Release|Any CPU.ActiveCfg = Release|Any CPU
		{D174B96A-B3CB-42A6-A706-BA52840967CD}.Release|Any CPU.Build.0 = Release|Any CPU
		{0F85B1BA-D1B6-4F99-8D48-F4CD41C650DD}.Debug|Any CPU.ActiveCfg = Debug|Any CPU
		{0F85B1BA-D1B6-4F99-8D48-F4CD41C650DD}.Debug|Any CPU.Build.0 = Debug|Any CPU
		{0F85B1BA-D1B6-4F99-8D48-F4CD41C650DD}.Release|Any CPU.ActiveCfg = Release|Any CPU
		{0F85B1BA-D1B6-4F99-8D48-F4CD41C650DD}.Release|Any CPU.Build.0 = Release|Any CPU
		{97179337-ACB7-46A6-8D32-BE79513EBABF}.Debug|Any CPU.ActiveCfg = Debug|Any CPU
		{97179337-ACB7-46A6-8D32-BE79513EBABF}.Debug|Any CPU.Build.0 = Debug|Any CPU
		{97179337-ACB7-46A6-8D32-BE79513EBABF}.Release|Any CPU.ActiveCfg = Release|Any CPU
		{97179337-ACB7-46A6-8D32-BE79513EBABF}.Release|Any CPU.Build.0 = Release|Any CPU
		{23C4D25A-BFEC-48FF-A319-226F6851285C}.Debug|Any CPU.ActiveCfg = Debug|Any CPU
		{23C4D25A-BFEC-48FF-A319-226F6851285C}.Debug|Any CPU.Build.0 = Debug|Any CPU
		{23C4D25A-BFEC-48FF-A319-226F6851285C}.Release|Any CPU.ActiveCfg = Release|Any CPU
		{23C4D25A-BFEC-48FF-A319-226F6851285C}.Release|Any CPU.Build.0 = Release|Any CPU
		{A9CF16E1-35AB-45B9-8B26-0303EBD7C17F}.Debug|Any CPU.ActiveCfg = Debug|Any CPU
		{A9CF16E1-35AB-45B9-8B26-0303EBD7C17F}.Debug|Any CPU.Build.0 = Debug|Any CPU
		{A9CF16E1-35AB-45B9-8B26-0303EBD7C17F}.Release|Any CPU.ActiveCfg = Release|Any CPU
		{A9CF16E1-35AB-45B9-8B26-0303EBD7C17F}.Release|Any CPU.Build.0 = Release|Any CPU
		{D396E6C1-1DE9-4153-9A4D-2BC4D3FF4554}.Debug|Any CPU.ActiveCfg = Debug|Any CPU
		{D396E6C1-1DE9-4153-9A4D-2BC4D3FF4554}.Debug|Any CPU.Build.0 = Debug|Any CPU
		{D396E6C1-1DE9-4153-9A4D-2BC4D3FF4554}.Release|Any CPU.ActiveCfg = Release|Any CPU
		{D396E6C1-1DE9-4153-9A4D-2BC4D3FF4554}.Release|Any CPU.Build.0 = Release|Any CPU
		{8DFF606F-96C8-438F-916E-630A73E77073}.Debug|Any CPU.ActiveCfg = Debug|Any CPU
		{8DFF606F-96C8-438F-916E-630A73E77073}.Debug|Any CPU.Build.0 = Debug|Any CPU
		{8DFF606F-96C8-438F-916E-630A73E77073}.Release|Any CPU.ActiveCfg = Release|Any CPU
		{8DFF606F-96C8-438F-916E-630A73E77073}.Release|Any CPU.Build.0 = Release|Any CPU
		{F35F29B5-05FA-4DE3-96C4-2C98BDF3B60D}.Debug|Any CPU.ActiveCfg = Debug|Any CPU
		{F35F29B5-05FA-4DE3-96C4-2C98BDF3B60D}.Debug|Any CPU.Build.0 = Debug|Any CPU
		{F35F29B5-05FA-4DE3-96C4-2C98BDF3B60D}.Release|Any CPU.ActiveCfg = Release|Any CPU
		{F35F29B5-05FA-4DE3-96C4-2C98BDF3B60D}.Release|Any CPU.Build.0 = Release|Any CPU
		{8DAD109B-32EC-4893-9540-910424804C38}.Debug|Any CPU.ActiveCfg = Debug|Any CPU
		{8DAD109B-32EC-4893-9540-910424804C38}.Debug|Any CPU.Build.0 = Debug|Any CPU
		{8DAD109B-32EC-4893-9540-910424804C38}.Release|Any CPU.ActiveCfg = Release|Any CPU
		{8DAD109B-32EC-4893-9540-910424804C38}.Release|Any CPU.Build.0 = Release|Any CPU
		{EFD1EE1F-33BE-4D9F-B3F5-6A8BC1640C76}.Debug|Any CPU.ActiveCfg = Debug|Any CPU
		{EFD1EE1F-33BE-4D9F-B3F5-6A8BC1640C76}.Debug|Any CPU.Build.0 = Debug|Any CPU
		{EFD1EE1F-33BE-4D9F-B3F5-6A8BC1640C76}.Release|Any CPU.ActiveCfg = Release|Any CPU
		{EFD1EE1F-33BE-4D9F-B3F5-6A8BC1640C76}.Release|Any CPU.Build.0 = Release|Any CPU
		{04B66F4B-253B-4081-8299-E2D476E257F6}.Debug|Any CPU.ActiveCfg = Debug|Any CPU
		{04B66F4B-253B-4081-8299-E2D476E257F6}.Debug|Any CPU.Build.0 = Debug|Any CPU
		{04B66F4B-253B-4081-8299-E2D476E257F6}.Release|Any CPU.ActiveCfg = Release|Any CPU
		{04B66F4B-253B-4081-8299-E2D476E257F6}.Release|Any CPU.Build.0 = Release|Any CPU
		{D4ED414A-A3AF-4FD7-9363-5341929656A6}.Debug|Any CPU.ActiveCfg = Debug|Any CPU
		{D4ED414A-A3AF-4FD7-9363-5341929656A6}.Debug|Any CPU.Build.0 = Debug|Any CPU
		{D4ED414A-A3AF-4FD7-9363-5341929656A6}.Release|Any CPU.ActiveCfg = Release|Any CPU
		{D4ED414A-A3AF-4FD7-9363-5341929656A6}.Release|Any CPU.Build.0 = Release|Any CPU
	EndGlobalSection
	GlobalSection(SolutionProperties) = preSolution
		HideSolutionNode = FALSE
	EndGlobalSection
	GlobalSection(ExtensibilityGlobals) = postSolution
		SolutionGuid = {5F3B9C78-D7F6-467D-AC33-0BD0684708FA}
	EndGlobalSection
EndGlobal
